
Microsoft Visual Studio Solution File, Format Version 12.00
# Visual Studio Version 17
VisualStudioVersion = 17.1.32414.318
MinimumVisualStudioVersion = 10.0.40219.1
Project("{9A19103F-16F7-4668-BE54-9A1E7A4F7556}") = "Business", "Business\Business.csproj", "{E8517442-1DF4-4AD7-A1BD-795978A3728A}"
EndProject
Project("{9A19103F-16F7-4668-BE54-9A1E7A4F7556}") = "Repository", "Repository\Repository.csproj", "{D80CE715-9010-4D61-A703-85850022C982}"
EndProject
Project("{9A19103F-16F7-4668-BE54-9A1E7A4F7556}") = "Controller", "Controller\Controller.csproj", "{254E9D8E-383D-40EA-8D1B-F7C4EB769AD0}"
EndProject
Project("{9A19103F-16F7-4668-BE54-9A1E7A4F7556}") = "XUnitTests", "XUnitTests\XUnitTests.csproj", "{41273BB2-B1A8-4C4F-9DAF-D7050F7DB53C}"
EndProject
Global
	GlobalSection(SolutionConfigurationPlatforms) = preSolution
		Debug|Any CPU = Debug|Any CPU
		Release|Any CPU = Release|Any CPU
	EndGlobalSection
	GlobalSection(ProjectConfigurationPlatforms) = postSolution
		{E8517442-1DF4-4AD7-A1BD-795978A3728A}.Debug|Any CPU.ActiveCfg = Debug|Any CPU
		{E8517442-1DF4-4AD7-A1BD-795978A3728A}.Debug|Any CPU.Build.0 = Debug|Any CPU
		{E8517442-1DF4-4AD7-A1BD-795978A3728A}.Release|Any CPU.ActiveCfg = Release|Any CPU
		{E8517442-1DF4-4AD7-A1BD-795978A3728A}.Release|Any CPU.Build.0 = Release|Any CPU
		{D80CE715-9010-4D61-A703-85850022C982}.Debug|Any CPU.ActiveCfg = Debug|Any CPU
		{D80CE715-9010-4D61-A703-85850022C982}.Debug|Any CPU.Build.0 = Debug|Any CPU
		{D80CE715-9010-4D61-A703-85850022C982}.Release|Any CPU.ActiveCfg = Release|Any CPU
		{D80CE715-9010-4D61-A703-85850022C982}.Release|Any CPU.Build.0 = Release|Any CPU
		{254E9D8E-383D-40EA-8D1B-F7C4EB769AD0}.Debug|Any CPU.ActiveCfg = Debug|Any CPU
		{254E9D8E-383D-40EA-8D1B-F7C4EB769AD0}.Debug|Any CPU.Build.0 = Debug|Any CPU
		{254E9D8E-383D-40EA-8D1B-F7C4EB769AD0}.Release|Any CPU.ActiveCfg = Release|Any CPU
		{254E9D8E-383D-40EA-8D1B-F7C4EB769AD0}.Release|Any CPU.Build.0 = Release|Any CPU
		{41273BB2-B1A8-4C4F-9DAF-D7050F7DB53C}.Debug|Any CPU.ActiveCfg = Debug|Any CPU
		{41273BB2-B1A8-4C4F-9DAF-D7050F7DB53C}.Debug|Any CPU.Build.0 = Debug|Any CPU
		{41273BB2-B1A8-4C4F-9DAF-D7050F7DB53C}.Release|Any CPU.ActiveCfg = Release|Any CPU
		{41273BB2-B1A8-4C4F-9DAF-D7050F7DB53C}.Release|Any CPU.Build.0 = Release|Any CPU
	EndGlobalSection
	GlobalSection(SolutionProperties) = preSolution
		HideSolutionNode = FALSE
	EndGlobalSection
	GlobalSection(ExtensibilityGlobals) = postSolution
		SolutionGuid = {312B9C91-E750-4E84-8454-985E3F325E2C}
	EndGlobalSection
EndGlobal
